
Microsoft Visual Studio Solution File, Format Version 12.00
# Visual Studio Version 17
VisualStudioVersion = 17.14.36109.1 d17.14
MinimumVisualStudioVersion = 10.0.40219.1
Project("{FAE04EC0-301F-11D3-BF4B-00C04F79EFBC}") = "ApiGateway", "ApiGateway\ApiGateway.csproj", "{D6365D83-163C-4E9A-B70E-47832F6B161A}"
EndProject
Global
	GlobalSection(SolutionConfigurationPlatforms) = preSolution
		Debug|Any CPU = Debug|Any CPU
		Release|Any CPU = Release|Any CPU
	EndGlobalSection
	GlobalSection(ProjectConfigurationPlatforms) = postSolution
		{D6365D83-163C-4E9A-B70E-47832F6B161A}.Debug|Any CPU.ActiveCfg = Debug|Any CPU
		{D6365D83-163C-4E9A-B70E-47832F6B161A}.Debug|Any CPU.Build.0 = Debug|Any CPU
		{D6365D83-163C-4E9A-B70E-47832F6B161A}.Release|Any CPU.ActiveCfg = Release|Any CPU
		{D6365D83-163C-4E9A-B70E-47832F6B161A}.Release|Any CPU.Build.0 = Release|Any CPU
	EndGlobalSection
	GlobalSection(SolutionProperties) = preSolution
		HideSolutionNode = FALSE
	EndGlobalSection
	GlobalSection(ExtensibilityGlobals) = postSolution
		SolutionGuid = {6D267D65-5702-4A24-B641-EEBC3FEE1B6B}
	EndGlobalSection
EndGlobal
